// !$*UTF8*$!
{
	archiveVersion = 1;
	classes = {
	};
	objectVersion = 50;
	objects = {

/* Begin PBXBuildFile section */
		B70DC88A23F5879B001C9114 /* Constants.swift in Sources */ = {isa = PBXBuildFile; fileRef = B70DC88923F5879B001C9114 /* Constants.swift */; };
		B70DC88C23F5882C001C9114 /* GFSecondaryTitleLabel.swift in Sources */ = {isa = PBXBuildFile; fileRef = B70DC88B23F5882C001C9114 /* GFSecondaryTitleLabel.swift */; };
		B70DC88E23F5888B001C9114 /* GFUserInfoHeaderVC.swift in Sources */ = {isa = PBXBuildFile; fileRef = B70DC88D23F5888B001C9114 /* GFUserInfoHeaderVC.swift */; };
		B70DC89023F5992F001C9114 /* GFItemInfoView.swift in Sources */ = {isa = PBXBuildFile; fileRef = B70DC88F23F5992F001C9114 /* GFItemInfoView.swift */; };
		B7200ADD23C57A2100FC9C27 /* GFButton.swift in Sources */ = {isa = PBXBuildFile; fileRef = B7200ADC23C57A2100FC9C27 /* GFButton.swift */; };
		B7200AE023C57D0700FC9C27 /* GFTextField.swift in Sources */ = {isa = PBXBuildFile; fileRef = B7200ADF23C57D0700FC9C27 /* GFTextField.swift */; };
		B7200AE223C626C400FC9C27 /* FollowerListVC.swift in Sources */ = {isa = PBXBuildFile; fileRef = B7200AE123C626C400FC9C27 /* FollowerListVC.swift */; };
		B7200AE423C69B9200FC9C27 /* GFTitleLabel.swift in Sources */ = {isa = PBXBuildFile; fileRef = B7200AE323C69B9200FC9C27 /* GFTitleLabel.swift */; };
		B7200AE723C69D9D00FC9C27 /* GFBodyLabel.swift in Sources */ = {isa = PBXBuildFile; fileRef = B7200AE623C69D9D00FC9C27 /* GFBodyLabel.swift */; };
		B7200AEA23C69E8000FC9C27 /* GFAlertVC.swift in Sources */ = {isa = PBXBuildFile; fileRef = B7200AE923C69E8000FC9C27 /* GFAlertVC.swift */; };
		B7200AEC23C6B82D00FC9C27 /* UIViewController+Ext.swift in Sources */ = {isa = PBXBuildFile; fileRef = B7200AEB23C6B82D00FC9C27 /* UIViewController+Ext.swift */; };
		B72CD0AD23F2388E005948EB /* UserInfoVC.swift in Sources */ = {isa = PBXBuildFile; fileRef = B72CD0AC23F2388E005948EB /* UserInfoVC.swift */; };
		B72CD0AF23F24235005948EB /* GFError.swift in Sources */ = {isa = PBXBuildFile; fileRef = B72CD0AE23F24235005948EB /* GFError.swift */; };
		B76F364923E0F95600B1B371 /* GFAvatarImageView.swift in Sources */ = {isa = PBXBuildFile; fileRef = B76F364823E0F95600B1B371 /* GFAvatarImageView.swift */; };
		B76F364C23E0FA3D00B1B371 /* FollowerCell.swift in Sources */ = {isa = PBXBuildFile; fileRef = B76F364B23E0FA3D00B1B371 /* FollowerCell.swift */; };
		B7A5838623CD2A9B001BEA6E /* Follower.swift in Sources */ = {isa = PBXBuildFile; fileRef = B7A5838523CD2A9B001BEA6E /* Follower.swift */; };
		B7A5838823CD2AF6001BEA6E /* User.swift in Sources */ = {isa = PBXBuildFile; fileRef = B7A5838723CD2AF6001BEA6E /* User.swift */; };
		B7A5838B23CEA706001BEA6E /* NetworkManager.swift in Sources */ = {isa = PBXBuildFile; fileRef = B7A5838A23CEA706001BEA6E /* NetworkManager.swift */; };
		B7A84DC523E8DE370036E3B6 /* UIHelper.swift in Sources */ = {isa = PBXBuildFile; fileRef = B7A84DC423E8DE370036E3B6 /* UIHelper.swift */; };
		B7A84DCD23EA241B0036E3B6 /* GFEmptyStateView.swift in Sources */ = {isa = PBXBuildFile; fileRef = B7A84DCC23EA241B0036E3B6 /* GFEmptyStateView.swift */; };
		B7F75F2C23C3EA15003EB790 /* AppDelegate.swift in Sources */ = {isa = PBXBuildFile; fileRef = B7F75F2B23C3EA15003EB790 /* AppDelegate.swift */; };
		B7F75F2E23C3EA15003EB790 /* SceneDelegate.swift in Sources */ = {isa = PBXBuildFile; fileRef = B7F75F2D23C3EA15003EB790 /* SceneDelegate.swift */; };
		B7F75F3523C3EA17003EB790 /* Assets.xcassets in Resources */ = {isa = PBXBuildFile; fileRef = B7F75F3423C3EA17003EB790 /* Assets.xcassets */; };
		B7F75F3823C3EA17003EB790 /* LaunchScreen.storyboard in Resources */ = {isa = PBXBuildFile; fileRef = B7F75F3623C3EA17003EB790 /* LaunchScreen.storyboard */; };
		B7F75F4023C3F407003EB790 /* SearchVC.swift in Sources */ = {isa = PBXBuildFile; fileRef = B7F75F3F23C3F407003EB790 /* SearchVC.swift */; };
		B7F75F4223C3F437003EB790 /* FavoritesListVC.swift in Sources */ = {isa = PBXBuildFile; fileRef = B7F75F4123C3F437003EB790 /* FavoritesListVC.swift */; };
/* End PBXBuildFile section */

/* Begin PBXFileReference section */
		B70DC88923F5879B001C9114 /* Constants.swift */ = {isa = PBXFileReference; lastKnownFileType = sourcecode.swift; path = Constants.swift; sourceTree = "<group>"; };
		B70DC88B23F5882C001C9114 /* GFSecondaryTitleLabel.swift */ = {isa = PBXFileReference; lastKnownFileType = sourcecode.swift; path = GFSecondaryTitleLabel.swift; sourceTree = "<group>"; };
		B70DC88D23F5888B001C9114 /* GFUserInfoHeaderVC.swift */ = {isa = PBXFileReference; lastKnownFileType = sourcecode.swift; path = GFUserInfoHeaderVC.swift; sourceTree = "<group>"; };
		B70DC88F23F5992F001C9114 /* GFItemInfoView.swift */ = {isa = PBXFileReference; lastKnownFileType = sourcecode.swift; path = GFItemInfoView.swift; sourceTree = "<group>"; };
		B7200ADC23C57A2100FC9C27 /* GFButton.swift */ = {isa = PBXFileReference; lastKnownFileType = sourcecode.swift; path = GFButton.swift; sourceTree = "<group>"; };
		B7200ADF23C57D0700FC9C27 /* GFTextField.swift */ = {isa = PBXFileReference; lastKnownFileType = sourcecode.swift; path = GFTextField.swift; sourceTree = "<group>"; };
		B7200AE123C626C400FC9C27 /* FollowerListVC.swift */ = {isa = PBXFileReference; lastKnownFileType = sourcecode.swift; path = FollowerListVC.swift; sourceTree = "<group>"; };
		B7200AE323C69B9200FC9C27 /* GFTitleLabel.swift */ = {isa = PBXFileReference; lastKnownFileType = sourcecode.swift; path = GFTitleLabel.swift; sourceTree = "<group>"; };
		B7200AE623C69D9D00FC9C27 /* GFBodyLabel.swift */ = {isa = PBXFileReference; lastKnownFileType = sourcecode.swift; path = GFBodyLabel.swift; sourceTree = "<group>"; };
		B7200AE923C69E8000FC9C27 /* GFAlertVC.swift */ = {isa = PBXFileReference; lastKnownFileType = sourcecode.swift; path = GFAlertVC.swift; sourceTree = "<group>"; };
		B7200AEB23C6B82D00FC9C27 /* UIViewController+Ext.swift */ = {isa = PBXFileReference; lastKnownFileType = sourcecode.swift; path = "UIViewController+Ext.swift"; sourceTree = "<group>"; };
		B72CD0AC23F2388E005948EB /* UserInfoVC.swift */ = {isa = PBXFileReference; lastKnownFileType = sourcecode.swift; path = UserInfoVC.swift; sourceTree = "<group>"; };
		B72CD0AE23F24235005948EB /* GFError.swift */ = {isa = PBXFileReference; lastKnownFileType = sourcecode.swift; path = GFError.swift; sourceTree = "<group>"; };
		B76F364823E0F95600B1B371 /* GFAvatarImageView.swift */ = {isa = PBXFileReference; lastKnownFileType = sourcecode.swift; path = GFAvatarImageView.swift; sourceTree = "<group>"; };
		B76F364B23E0FA3D00B1B371 /* FollowerCell.swift */ = {isa = PBXFileReference; lastKnownFileType = sourcecode.swift; path = FollowerCell.swift; sourceTree = "<group>"; };
		B7A5838523CD2A9B001BEA6E /* Follower.swift */ = {isa = PBXFileReference; lastKnownFileType = sourcecode.swift; path = Follower.swift; sourceTree = "<group>"; };
		B7A5838723CD2AF6001BEA6E /* User.swift */ = {isa = PBXFileReference; lastKnownFileType = sourcecode.swift; path = User.swift; sourceTree = "<group>"; };
		B7A5838A23CEA706001BEA6E /* NetworkManager.swift */ = {isa = PBXFileReference; lastKnownFileType = sourcecode.swift; path = NetworkManager.swift; sourceTree = "<group>"; };
		B7A84DC423E8DE370036E3B6 /* UIHelper.swift */ = {isa = PBXFileReference; lastKnownFileType = sourcecode.swift; path = UIHelper.swift; sourceTree = "<group>"; };
		B7A84DCC23EA241B0036E3B6 /* GFEmptyStateView.swift */ = {isa = PBXFileReference; lastKnownFileType = sourcecode.swift; path = GFEmptyStateView.swift; sourceTree = "<group>"; };
		B7F75F2823C3EA15003EB790 /* GHFollowers.app */ = {isa = PBXFileReference; explicitFileType = wrapper.application; includeInIndex = 0; path = GHFollowers.app; sourceTree = BUILT_PRODUCTS_DIR; };
		B7F75F2B23C3EA15003EB790 /* AppDelegate.swift */ = {isa = PBXFileReference; lastKnownFileType = sourcecode.swift; path = AppDelegate.swift; sourceTree = "<group>"; };
		B7F75F2D23C3EA15003EB790 /* SceneDelegate.swift */ = {isa = PBXFileReference; lastKnownFileType = sourcecode.swift; path = SceneDelegate.swift; sourceTree = "<group>"; };
		B7F75F3423C3EA17003EB790 /* Assets.xcassets */ = {isa = PBXFileReference; lastKnownFileType = folder.assetcatalog; path = Assets.xcassets; sourceTree = "<group>"; };
		B7F75F3723C3EA17003EB790 /* Base */ = {isa = PBXFileReference; lastKnownFileType = file.storyboard; name = Base; path = Base.lproj/LaunchScreen.storyboard; sourceTree = "<group>"; };
		B7F75F3923C3EA17003EB790 /* Info.plist */ = {isa = PBXFileReference; lastKnownFileType = text.plist.xml; path = Info.plist; sourceTree = "<group>"; };
		B7F75F3F23C3F407003EB790 /* SearchVC.swift */ = {isa = PBXFileReference; lastKnownFileType = sourcecode.swift; path = SearchVC.swift; sourceTree = "<group>"; };
		B7F75F4123C3F437003EB790 /* FavoritesListVC.swift */ = {isa = PBXFileReference; lastKnownFileType = sourcecode.swift; path = FavoritesListVC.swift; sourceTree = "<group>"; };
/* End PBXFileReference section */

/* Begin PBXFrameworksBuildPhase section */
		B7F75F2523C3EA15003EB790 /* Frameworks */ = {
			isa = PBXFrameworksBuildPhase;
			buildActionMask = 2147483647;
			files = (
			);
			runOnlyForDeploymentPostprocessing = 0;
		};
/* End PBXFrameworksBuildPhase section */

/* Begin PBXGroup section */
		B744539C23D1436D00A4F802 /* Utilities */ = {
			isa = PBXGroup;
			children = (
				B7A84DC423E8DE370036E3B6 /* UIHelper.swift */,
				B72CD0AE23F24235005948EB /* GFError.swift */,
				B70DC88923F5879B001C9114 /* Constants.swift */,
			);
			path = Utilities;
			sourceTree = "<group>";
		};
		B76F364A23E0FA1C00B1B371 /* Cells */ = {
			isa = PBXGroup;
			children = (
				B76F364B23E0FA3D00B1B371 /* FollowerCell.swift */,
			);
			path = Cells;
			sourceTree = "<group>";
		};
		B7A5838023CD2537001BEA6E /* Screens */ = {
			isa = PBXGroup;
			children = (
				B7F75F3F23C3F407003EB790 /* SearchVC.swift */,
				B7200AE123C626C400FC9C27 /* FollowerListVC.swift */,
				B7F75F4123C3F437003EB790 /* FavoritesListVC.swift */,
				B72CD0AC23F2388E005948EB /* UserInfoVC.swift */,
			);
			path = Screens;
			sourceTree = "<group>";
		};
		B7A5838123CD2546001BEA6E /* Custom Views */ = {
			isa = PBXGroup;
			children = (
				B7A84DC623EA23870036E3B6 /* Labels */,
				B7A84DC723EA23920036E3B6 /* ViewControllers */,
				B7A84DC823EA239B0036E3B6 /* ImageViews */,
				B7A84DC923EA23A50036E3B6 /* TextFields */,
				B7A84DCA23EA23AF0036E3B6 /* Buttons */,
				B7A84DCB23EA23F50036E3B6 /* Views */,
				B76F364A23E0FA1C00B1B371 /* Cells */,
			);
			path = "Custom Views";
			sourceTree = "<group>";
		};
		B7A5838223CD2620001BEA6E /* Extensions */ = {
			isa = PBXGroup;
			children = (
				B7200AEB23C6B82D00FC9C27 /* UIViewController+Ext.swift */,
			);
			path = Extensions;
			sourceTree = "<group>";
		};
		B7A5838323CD2643001BEA6E /* Support */ = {
			isa = PBXGroup;
			children = (
				B7F75F2B23C3EA15003EB790 /* AppDelegate.swift */,
				B7F75F2D23C3EA15003EB790 /* SceneDelegate.swift */,
				B7F75F3423C3EA17003EB790 /* Assets.xcassets */,
				B7F75F3623C3EA17003EB790 /* LaunchScreen.storyboard */,
			);
			path = Support;
			sourceTree = "<group>";
		};
		B7A5838423CD2A78001BEA6E /* Model */ = {
			isa = PBXGroup;
			children = (
				B7A5838523CD2A9B001BEA6E /* Follower.swift */,
				B7A5838723CD2AF6001BEA6E /* User.swift */,
			);
			path = Model;
			sourceTree = "<group>";
		};
		B7A5838923CEA6EB001BEA6E /* Manager */ = {
			isa = PBXGroup;
			children = (
				B7A5838A23CEA706001BEA6E /* NetworkManager.swift */,
			);
			path = Manager;
			sourceTree = "<group>";
		};
		B7A84DC623EA23870036E3B6 /* Labels */ = {
			isa = PBXGroup;
			children = (
				B7200AE323C69B9200FC9C27 /* GFTitleLabel.swift */,
				B7200AE623C69D9D00FC9C27 /* GFBodyLabel.swift */,
				B70DC88B23F5882C001C9114 /* GFSecondaryTitleLabel.swift */,
			);
			path = Labels;
			sourceTree = "<group>";
		};
		B7A84DC723EA23920036E3B6 /* ViewControllers */ = {
			isa = PBXGroup;
			children = (
				B7200AE923C69E8000FC9C27 /* GFAlertVC.swift */,
				B70DC88D23F5888B001C9114 /* GFUserInfoHeaderVC.swift */,
			);
			path = ViewControllers;
			sourceTree = "<group>";
		};
		B7A84DC823EA239B0036E3B6 /* ImageViews */ = {
			isa = PBXGroup;
			children = (
				B76F364823E0F95600B1B371 /* GFAvatarImageView.swift */,
			);
			path = ImageViews;
			sourceTree = "<group>";
		};
		B7A84DC923EA23A50036E3B6 /* TextFields */ = {
			isa = PBXGroup;
			children = (
				B7200ADF23C57D0700FC9C27 /* GFTextField.swift */,
			);
			path = TextFields;
			sourceTree = "<group>";
		};
		B7A84DCA23EA23AF0036E3B6 /* Buttons */ = {
			isa = PBXGroup;
			children = (
				B7200ADC23C57A2100FC9C27 /* GFButton.swift */,
			);
			path = Buttons;
			sourceTree = "<group>";
		};
		B7A84DCB23EA23F50036E3B6 /* Views */ = {
			isa = PBXGroup;
			children = (
				B7A84DCC23EA241B0036E3B6 /* GFEmptyStateView.swift */,
				B70DC88F23F5992F001C9114 /* GFItemInfoView.swift */,
			);
			path = Views;
			sourceTree = "<group>";
		};
		B7F75F1F23C3EA15003EB790 = {
			isa = PBXGroup;
			children = (
				B7F75F2A23C3EA15003EB790 /* GHFollowers */,
				B7F75F2923C3EA15003EB790 /* Products */,
			);
			sourceTree = "<group>";
		};
		B7F75F2923C3EA15003EB790 /* Products */ = {
			isa = PBXGroup;
			children = (
				B7F75F2823C3EA15003EB790 /* GHFollowers.app */,
			);
			name = Products;
			sourceTree = "<group>";
		};
		B7F75F2A23C3EA15003EB790 /* GHFollowers */ = {
			isa = PBXGroup;
			children = (
				B744539C23D1436D00A4F802 /* Utilities */,
				B7A5838923CEA6EB001BEA6E /* Manager */,
				B7A5838423CD2A78001BEA6E /* Model */,
				B7A5838223CD2620001BEA6E /* Extensions */,
				B7A5838123CD2546001BEA6E /* Custom Views */,
				B7A5838023CD2537001BEA6E /* Screens */,
				B7A5838323CD2643001BEA6E /* Support */,
				B7F75F3923C3EA17003EB790 /* Info.plist */,
			);
			path = GHFollowers;
			sourceTree = "<group>";
		};
/* End PBXGroup section */

/* Begin PBXNativeTarget section */
		B7F75F2723C3EA15003EB790 /* GHFollowers */ = {
			isa = PBXNativeTarget;
			buildConfigurationList = B7F75F3C23C3EA17003EB790 /* Build configuration list for PBXNativeTarget "GHFollowers" */;
			buildPhases = (
				B7F75F2423C3EA15003EB790 /* Sources */,
				B7F75F2523C3EA15003EB790 /* Frameworks */,
				B7F75F2623C3EA15003EB790 /* Resources */,
			);
			buildRules = (
			);
			dependencies = (
			);
			name = GHFollowers;
			productName = GHFollowers;
			productReference = B7F75F2823C3EA15003EB790 /* GHFollowers.app */;
			productType = "com.apple.product-type.application";
		};
/* End PBXNativeTarget section */

/* Begin PBXProject section */
		B7F75F2023C3EA15003EB790 /* Project object */ = {
			isa = PBXProject;
			attributes = {
				LastSwiftUpdateCheck = 1100;
				LastUpgradeCheck = 1100;
				ORGANIZATIONNAME = "Rodrigo Lemos";
				TargetAttributes = {
					B7F75F2723C3EA15003EB790 = {
						CreatedOnToolsVersion = 11.0;
					};
				};
			};
			buildConfigurationList = B7F75F2323C3EA15003EB790 /* Build configuration list for PBXProject "GHFollowers" */;
			compatibilityVersion = "Xcode 9.3";
			developmentRegion = en;
			hasScannedForEncodings = 0;
			knownRegions = (
				en,
				Base,
			);
			mainGroup = B7F75F1F23C3EA15003EB790;
			productRefGroup = B7F75F2923C3EA15003EB790 /* Products */;
			projectDirPath = "";
			projectRoot = "";
			targets = (
				B7F75F2723C3EA15003EB790 /* GHFollowers */,
			);
		};
/* End PBXProject section */

/* Begin PBXResourcesBuildPhase section */
		B7F75F2623C3EA15003EB790 /* Resources */ = {
			isa = PBXResourcesBuildPhase;
			buildActionMask = 2147483647;
			files = (
				B7F75F3823C3EA17003EB790 /* LaunchScreen.storyboard in Resources */,
				B7F75F3523C3EA17003EB790 /* Assets.xcassets in Resources */,
			);
			runOnlyForDeploymentPostprocessing = 0;
		};
/* End PBXResourcesBuildPhase section */

/* Begin PBXSourcesBuildPhase section */
		B7F75F2423C3EA15003EB790 /* Sources */ = {
			isa = PBXSourcesBuildPhase;
			buildActionMask = 2147483647;
			files = (
				B7A5838823CD2AF6001BEA6E /* User.swift in Sources */,
				B7200AE023C57D0700FC9C27 /* GFTextField.swift in Sources */,
				B7F75F4223C3F437003EB790 /* FavoritesListVC.swift in Sources */,
				B7200ADD23C57A2100FC9C27 /* GFButton.swift in Sources */,
				B7200AEC23C6B82D00FC9C27 /* UIViewController+Ext.swift in Sources */,
				B7A84DC523E8DE370036E3B6 /* UIHelper.swift in Sources */,
				B7F75F4023C3F407003EB790 /* SearchVC.swift in Sources */,
				B7200AEA23C69E8000FC9C27 /* GFAlertVC.swift in Sources */,
				B76F364C23E0FA3D00B1B371 /* FollowerCell.swift in Sources */,
				B7200AE723C69D9D00FC9C27 /* GFBodyLabel.swift in Sources */,
				B70DC89023F5992F001C9114 /* GFItemInfoView.swift in Sources */,
				B7A5838623CD2A9B001BEA6E /* Follower.swift in Sources */,
				B70DC88A23F5879B001C9114 /* Constants.swift in Sources */,
				B72CD0AF23F24235005948EB /* GFError.swift in Sources */,
				B7200AE423C69B9200FC9C27 /* GFTitleLabel.swift in Sources */,
				B7A5838B23CEA706001BEA6E /* NetworkManager.swift in Sources */,
				B70DC88E23F5888B001C9114 /* GFUserInfoHeaderVC.swift in Sources */,
				B70DC88C23F5882C001C9114 /* GFSecondaryTitleLabel.swift in Sources */,
				B7A84DCD23EA241B0036E3B6 /* GFEmptyStateView.swift in Sources */,
				B76F364923E0F95600B1B371 /* GFAvatarImageView.swift in Sources */,
				B7200AE223C626C400FC9C27 /* FollowerListVC.swift in Sources */,
				B7F75F2C23C3EA15003EB790 /* AppDelegate.swift in Sources */,
				B7F75F2E23C3EA15003EB790 /* SceneDelegate.swift in Sources */,
				B72CD0AD23F2388E005948EB /* UserInfoVC.swift in Sources */,
			);
			runOnlyForDeploymentPostprocessing = 0;
		};
/* End PBXSourcesBuildPhase section */

/* Begin PBXVariantGroup section */
		B7F75F3623C3EA17003EB790 /* LaunchScreen.storyboard */ = {
			isa = PBXVariantGroup;
			children = (
				B7F75F3723C3EA17003EB790 /* Base */,
			);
			name = LaunchScreen.storyboard;
			sourceTree = "<group>";
		};
/* End PBXVariantGroup section */

/* Begin XCBuildConfiguration section */
		B7F75F3A23C3EA17003EB790 /* Debug */ = {
			isa = XCBuildConfiguration;
			buildSettings = {
				ALWAYS_SEARCH_USER_PATHS = NO;
				CLANG_ANALYZER_NONNULL = YES;
				CLANG_ANALYZER_NUMBER_OBJECT_CONVERSION = YES_AGGRESSIVE;
				CLANG_CXX_LANGUAGE_STANDARD = "gnu++14";
				CLANG_CXX_LIBRARY = "libc++";
				CLANG_ENABLE_MODULES = YES;
				CLANG_ENABLE_OBJC_ARC = YES;
				CLANG_ENABLE_OBJC_WEAK = YES;
				CLANG_WARN_BLOCK_CAPTURE_AUTORELEASING = YES;
				CLANG_WARN_BOOL_CONVERSION = YES;
				CLANG_WARN_COMMA = YES;
				CLANG_WARN_CONSTANT_CONVERSION = YES;
				CLANG_WARN_DEPRECATED_OBJC_IMPLEMENTATIONS = YES;
				CLANG_WARN_DIRECT_OBJC_ISA_USAGE = YES_ERROR;
				CLANG_WARN_DOCUMENTATION_COMMENTS = YES;
				CLANG_WARN_EMPTY_BODY = YES;
				CLANG_WARN_ENUM_CONVERSION = YES;
				CLANG_WARN_INFINITE_RECURSION = YES;
				CLANG_WARN_INT_CONVERSION = YES;
				CLANG_WARN_NON_LITERAL_NULL_CONVERSION = YES;
				CLANG_WARN_OBJC_IMPLICIT_RETAIN_SELF = YES;
				CLANG_WARN_OBJC_LITERAL_CONVERSION = YES;
				CLANG_WARN_OBJC_ROOT_CLASS = YES_ERROR;
				CLANG_WARN_RANGE_LOOP_ANALYSIS = YES;
				CLANG_WARN_STRICT_PROTOTYPES = YES;
				CLANG_WARN_SUSPICIOUS_MOVE = YES;
				CLANG_WARN_UNGUARDED_AVAILABILITY = YES_AGGRESSIVE;
				CLANG_WARN_UNREACHABLE_CODE = YES;
				CLANG_WARN__DUPLICATE_METHOD_MATCH = YES;
				COPY_PHASE_STRIP = NO;
				DEBUG_INFORMATION_FORMAT = dwarf;
				ENABLE_STRICT_OBJC_MSGSEND = YES;
				ENABLE_TESTABILITY = YES;
				GCC_C_LANGUAGE_STANDARD = gnu11;
				GCC_DYNAMIC_NO_PIC = NO;
				GCC_NO_COMMON_BLOCKS = YES;
				GCC_OPTIMIZATION_LEVEL = 0;
				GCC_PREPROCESSOR_DEFINITIONS = (
					"DEBUG=1",
					"$(inherited)",
				);
				GCC_WARN_64_TO_32_BIT_CONVERSION = YES;
				GCC_WARN_ABOUT_RETURN_TYPE = YES_ERROR;
				GCC_WARN_UNDECLARED_SELECTOR = YES;
				GCC_WARN_UNINITIALIZED_AUTOS = YES_AGGRESSIVE;
				GCC_WARN_UNUSED_FUNCTION = YES;
				GCC_WARN_UNUSED_VARIABLE = YES;
				IPHONEOS_DEPLOYMENT_TARGET = 13.0;
				MTL_ENABLE_DEBUG_INFO = INCLUDE_SOURCE;
				MTL_FAST_MATH = YES;
				ONLY_ACTIVE_ARCH = YES;
				SDKROOT = iphoneos;
				SWIFT_ACTIVE_COMPILATION_CONDITIONS = DEBUG;
				SWIFT_OPTIMIZATION_LEVEL = "-Onone";
			};
			name = Debug;
		};
		B7F75F3B23C3EA17003EB790 /* Release */ = {
			isa = XCBuildConfiguration;
			buildSettings = {
				ALWAYS_SEARCH_USER_PATHS = NO;
				CLANG_ANALYZER_NONNULL = YES;
				CLANG_ANALYZER_NUMBER_OBJECT_CONVERSION = YES_AGGRESSIVE;
				CLANG_CXX_LANGUAGE_STANDARD = "gnu++14";
				CLANG_CXX_LIBRARY = "libc++";
				CLANG_ENABLE_MODULES = YES;
				CLANG_ENABLE_OBJC_ARC = YES;
				CLANG_ENABLE_OBJC_WEAK = YES;
				CLANG_WARN_BLOCK_CAPTURE_AUTORELEASING = YES;
				CLANG_WARN_BOOL_CONVERSION = YES;
				CLANG_WARN_COMMA = YES;
				CLANG_WARN_CONSTANT_CONVERSION = YES;
				CLANG_WARN_DEPRECATED_OBJC_IMPLEMENTATIONS = YES;
				CLANG_WARN_DIRECT_OBJC_ISA_USAGE = YES_ERROR;
				CLANG_WARN_DOCUMENTATION_COMMENTS = YES;
				CLANG_WARN_EMPTY_BODY = YES;
				CLANG_WARN_ENUM_CONVERSION = YES;
				CLANG_WARN_INFINITE_RECURSION = YES;
				CLANG_WARN_INT_CONVERSION = YES;
				CLANG_WARN_NON_LITERAL_NULL_CONVERSION = YES;
				CLANG_WARN_OBJC_IMPLICIT_RETAIN_SELF = YES;
				CLANG_WARN_OBJC_LITERAL_CONVERSION = YES;
				CLANG_WARN_OBJC_ROOT_CLASS = YES_ERROR;
				CLANG_WARN_RANGE_LOOP_ANALYSIS = YES;
				CLANG_WARN_STRICT_PROTOTYPES = YES;
				CLANG_WARN_SUSPICIOUS_MOVE = YES;
				CLANG_WARN_UNGUARDED_AVAILABILITY = YES_AGGRESSIVE;
				CLANG_WARN_UNREACHABLE_CODE = YES;
				CLANG_WARN__DUPLICATE_METHOD_MATCH = YES;
				COPY_PHASE_STRIP = NO;
				DEBUG_INFORMATION_FORMAT = "dwarf-with-dsym";
				ENABLE_NS_ASSERTIONS = NO;
				ENABLE_STRICT_OBJC_MSGSEND = YES;
				GCC_C_LANGUAGE_STANDARD = gnu11;
				GCC_NO_COMMON_BLOCKS = YES;
				GCC_WARN_64_TO_32_BIT_CONVERSION = YES;
				GCC_WARN_ABOUT_RETURN_TYPE = YES_ERROR;
				GCC_WARN_UNDECLARED_SELECTOR = YES;
				GCC_WARN_UNINITIALIZED_AUTOS = YES_AGGRESSIVE;
				GCC_WARN_UNUSED_FUNCTION = YES;
				GCC_WARN_UNUSED_VARIABLE = YES;
				IPHONEOS_DEPLOYMENT_TARGET = 13.0;
				MTL_ENABLE_DEBUG_INFO = NO;
				MTL_FAST_MATH = YES;
				SDKROOT = iphoneos;
				SWIFT_COMPILATION_MODE = wholemodule;
				SWIFT_OPTIMIZATION_LEVEL = "-O";
				VALIDATE_PRODUCT = YES;
			};
			name = Release;
		};
		B7F75F3D23C3EA17003EB790 /* Debug */ = {
			isa = XCBuildConfiguration;
			buildSettings = {
				ASSETCATALOG_COMPILER_APPICON_NAME = AppIcon;
				CODE_SIGN_STYLE = Automatic;
				DEVELOPMENT_TEAM = 3E9R3592W8;
				INFOPLIST_FILE = GHFollowers/Info.plist;
				LD_RUNPATH_SEARCH_PATHS = (
					"$(inherited)",
					"@executable_path/Frameworks",
				);
				PRODUCT_BUNDLE_IDENTIFIER = com.rodrigolemos.GHFollowers;
				PRODUCT_NAME = "$(TARGET_NAME)";
				SWIFT_VERSION = 5.0;
				TARGETED_DEVICE_FAMILY = 1;
			};
			name = Debug;
		};
		B7F75F3E23C3EA17003EB790 /* Release */ = {
			isa = XCBuildConfiguration;
			buildSettings = {
				ASSETCATALOG_COMPILER_APPICON_NAME = AppIcon;
				CODE_SIGN_STYLE = Automatic;
				DEVELOPMENT_TEAM = 3E9R3592W8;
				INFOPLIST_FILE = GHFollowers/Info.plist;
				LD_RUNPATH_SEARCH_PATHS = (
					"$(inherited)",
					"@executable_path/Frameworks",
				);
				PRODUCT_BUNDLE_IDENTIFIER = com.rodrigolemos.GHFollowers;
				PRODUCT_NAME = "$(TARGET_NAME)";
				SWIFT_VERSION = 5.0;
				TARGETED_DEVICE_FAMILY = 1;
			};
			name = Release;
		};
/* End XCBuildConfiguration section */

/* Begin XCConfigurationList section */
		B7F75F2323C3EA15003EB790 /* Build configuration list for PBXProject "GHFollowers" */ = {
			isa = XCConfigurationList;
			buildConfigurations = (
				B7F75F3A23C3EA17003EB790 /* Debug */,
				B7F75F3B23C3EA17003EB790 /* Release */,
			);
			defaultConfigurationIsVisible = 0;
			defaultConfigurationName = Release;
		};
		B7F75F3C23C3EA17003EB790 /* Build configuration list for PBXNativeTarget "GHFollowers" */ = {
			isa = XCConfigurationList;
			buildConfigurations = (
				B7F75F3D23C3EA17003EB790 /* Debug */,
				B7F75F3E23C3EA17003EB790 /* Release */,
			);
			defaultConfigurationIsVisible = 0;
			defaultConfigurationName = Release;
		};
/* End XCConfigurationList section */
	};
	rootObject = B7F75F2023C3EA15003EB790 /* Project object */;
}
